// !$*UTF8*$!
{
	archiveVersion = 1;
	classes = {
	};
	objectVersion = 48;
	objects = {

/* Begin PBXBuildFile section */
		0291B3E21FF58D5500D861AF /* AppDelegate.swift in Sources */ = {isa = PBXBuildFile; fileRef = 0291B3E11FF58D5500D861AF /* AppDelegate.swift */; };
		0291B3E41FF58D5500D861AF /* ViewController.swift in Sources */ = {isa = PBXBuildFile; fileRef = 0291B3E31FF58D5500D861AF /* ViewController.swift */; };
		0291B3E71FF58D5500D861AF /* Main.storyboard in Resources */ = {isa = PBXBuildFile; fileRef = 0291B3E51FF58D5500D861AF /* Main.storyboard */; };
		0291B3E91FF58D5500D861AF /* Assets.xcassets in Resources */ = {isa = PBXBuildFile; fileRef = 0291B3E81FF58D5500D861AF /* Assets.xcassets */; };
		0291B3EC1FF58D5500D861AF /* LaunchScreen.storyboard in Resources */ = {isa = PBXBuildFile; fileRef = 0291B3EA1FF58D5500D861AF /* LaunchScreen.storyboard */; };
		0291B3F11FF58D5500D861AF /* HwWProject6 WatchKit App.app in Embed Watch Content */ = {isa = PBXBuildFile; fileRef = 0291B3F01FF58D5500D861AF /* HwWProject6 WatchKit App.app */; };
		0291B3F71FF58D5500D861AF /* Interface.storyboard in Resources */ = {isa = PBXBuildFile; fileRef = 0291B3F51FF58D5500D861AF /* Interface.storyboard */; };
		0291B3F91FF58D5500D861AF /* Assets.xcassets in Resources */ = {isa = PBXBuildFile; fileRef = 0291B3F81FF58D5500D861AF /* Assets.xcassets */; };
		0291B4001FF58D5500D861AF /* HwWProject6 WatchKit Extension.appex in Embed App Extensions */ = {isa = PBXBuildFile; fileRef = 0291B3FF1FF58D5500D861AF /* HwWProject6 WatchKit Extension.appex */; settings = {ATTRIBUTES = (RemoveHeadersOnCopy, ); }; };
		0291B4051FF58D5500D861AF /* InterfaceController.swift in Sources */ = {isa = PBXBuildFile; fileRef = 0291B4041FF58D5500D861AF /* InterfaceController.swift */; };
		0291B4071FF58D5500D861AF /* ExtensionDelegate.swift in Sources */ = {isa = PBXBuildFile; fileRef = 0291B4061FF58D5500D861AF /* ExtensionDelegate.swift */; };
		0291B4091FF58D5500D861AF /* Assets.xcassets in Resources */ = {isa = PBXBuildFile; fileRef = 0291B4081FF58D5500D861AF /* Assets.xcassets */; };
/* End PBXBuildFile section */

/* Begin PBXContainerItemProxy section */
		0291B3F21FF58D5500D861AF /* PBXContainerItemProxy */ = {
			isa = PBXContainerItemProxy;
			containerPortal = 0291B3D61FF58D5400D861AF /* Project object */;
			proxyType = 1;
			remoteGlobalIDString = 0291B3EF1FF58D5500D861AF;
			remoteInfo = "HwWProject6 WatchKit App";
		};
		0291B4011FF58D5500D861AF /* PBXContainerItemProxy */ = {
			isa = PBXContainerItemProxy;
			containerPortal = 0291B3D61FF58D5400D861AF /* Project object */;
			proxyType = 1;
			remoteGlobalIDString = 0291B3FE1FF58D5500D861AF;
			remoteInfo = "HwWProject6 WatchKit Extension";
		};
/* End PBXContainerItemProxy section */

/* Begin PBXCopyFilesBuildPhase section */
		0291B4101FF58D5500D861AF /* Embed App Extensions */ = {
			isa = PBXCopyFilesBuildPhase;
			buildActionMask = 2147483647;
			dstPath = "";
			dstSubfolderSpec = 13;
			files = (
				0291B4001FF58D5500D861AF /* HwWProject6 WatchKit Extension.appex in Embed App Extensions */,
			);
			name = "Embed App Extensions";
			runOnlyForDeploymentPostprocessing = 0;
		};
		0291B4141FF58D5500D861AF /* Embed Watch Content */ = {
			isa = PBXCopyFilesBuildPhase;
			buildActionMask = 2147483647;
			dstPath = "$(CONTENTS_FOLDER_PATH)/Watch";
			dstSubfolderSpec = 16;
			files = (
				0291B3F11FF58D5500D861AF /* HwWProject6 WatchKit App.app in Embed Watch Content */,
			);
			name = "Embed Watch Content";
			runOnlyForDeploymentPostprocessing = 0;
		};
/* End PBXCopyFilesBuildPhase section */

/* Begin PBXFileReference section */
		0291B3DE1FF58D5500D861AF /* HwWProject6.app */ = {isa = PBXFileReference; explicitFileType = wrapper.application; includeInIndex = 0; path = HwWProject6.app; sourceTree = BUILT_PRODUCTS_DIR; };
		0291B3E11FF58D5500D861AF /* AppDelegate.swift */ = {isa = PBXFileReference; lastKnownFileType = sourcecode.swift; path = AppDelegate.swift; sourceTree = "<group>"; };
		0291B3E31FF58D5500D861AF /* ViewController.swift */ = {isa = PBXFileReference; lastKnownFileType = sourcecode.swift; path = ViewController.swift; sourceTree = "<group>"; };
		0291B3E61FF58D5500D861AF /* Base */ = {isa = PBXFileReference; lastKnownFileType = file.storyboard; name = Base; path = Base.lproj/Main.storyboard; sourceTree = "<group>"; };
		0291B3E81FF58D5500D861AF /* Assets.xcassets */ = {isa = PBXFileReference; lastKnownFileType = folder.assetcatalog; path = Assets.xcassets; sourceTree = "<group>"; };
		0291B3EB1FF58D5500D861AF /* Base */ = {isa = PBXFileReference; lastKnownFileType = file.storyboard; name = Base; path = Base.lproj/LaunchScreen.storyboard; sourceTree = "<group>"; };
		0291B3ED1FF58D5500D861AF /* Info.plist */ = {isa = PBXFileReference; lastKnownFileType = text.plist.xml; path = Info.plist; sourceTree = "<group>"; };
		0291B3F01FF58D5500D861AF /* HwWProject6 WatchKit App.app */ = {isa = PBXFileReference; explicitFileType = wrapper.application; includeInIndex = 0; path = "HwWProject6 WatchKit App.app"; sourceTree = BUILT_PRODUCTS_DIR; };
		0291B3F61FF58D5500D861AF /* Base */ = {isa = PBXFileReference; lastKnownFileType = file.storyboard; name = Base; path = Base.lproj/Interface.storyboard; sourceTree = "<group>"; };
		0291B3F81FF58D5500D861AF /* Assets.xcassets */ = {isa = PBXFileReference; lastKnownFileType = folder.assetcatalog; path = Assets.xcassets; sourceTree = "<group>"; };
		0291B3FA1FF58D5500D861AF /* Info.plist */ = {isa = PBXFileReference; lastKnownFileType = text.plist.xml; path = Info.plist; sourceTree = "<group>"; };
		0291B3FF1FF58D5500D861AF /* HwWProject6 WatchKit Extension.appex */ = {isa = PBXFileReference; explicitFileType = "wrapper.app-extension"; includeInIndex = 0; path = "HwWProject6 WatchKit Extension.appex"; sourceTree = BUILT_PRODUCTS_DIR; };
		0291B4041FF58D5500D861AF /* InterfaceController.swift */ = {isa = PBXFileReference; lastKnownFileType = sourcecode.swift; path = InterfaceController.swift; sourceTree = "<group>"; };
		0291B4061FF58D5500D861AF /* ExtensionDelegate.swift */ = {isa = PBXFileReference; lastKnownFileType = sourcecode.swift; path = ExtensionDelegate.swift; sourceTree = "<group>"; };
		0291B4081FF58D5500D861AF /* Assets.xcassets */ = {isa = PBXFileReference; lastKnownFileType = folder.assetcatalog; path = Assets.xcassets; sourceTree = "<group>"; };
		0291B40A1FF58D5500D861AF /* Info.plist */ = {isa = PBXFileReference; lastKnownFileType = text.plist.xml; path = Info.plist; sourceTree = "<group>"; };
/* End PBXFileReference section */

/* Begin PBXFrameworksBuildPhase section */
		0291B3DB1FF58D5500D861AF /* Frameworks */ = {
			isa = PBXFrameworksBuildPhase;
			buildActionMask = 2147483647;
			files = (
			);
			runOnlyForDeploymentPostprocessing = 0;
		};
		0291B3FC1FF58D5500D861AF /* Frameworks */ = {
			isa = PBXFrameworksBuildPhase;
			buildActionMask = 2147483647;
			files = (
			);
			runOnlyForDeploymentPostprocessing = 0;
		};
/* End PBXFrameworksBuildPhase section */

/* Begin PBXGroup section */
		0291B3D51FF58D5400D861AF = {
			isa = PBXGroup;
			children = (
				0291B3E01FF58D5500D861AF /* HwWProject6 */,
				0291B3F41FF58D5500D861AF /* HwWProject6 WatchKit App */,
				0291B4031FF58D5500D861AF /* HwWProject6 WatchKit Extension */,
				0291B3DF1FF58D5500D861AF /* Products */,
			);
			sourceTree = "<group>";
		};
		0291B3DF1FF58D5500D861AF /* Products */ = {
			isa = PBXGroup;
			children = (
				0291B3DE1FF58D5500D861AF /* HwWProject6.app */,
				0291B3F01FF58D5500D861AF /* HwWProject6 WatchKit App.app */,
				0291B3FF1FF58D5500D861AF /* HwWProject6 WatchKit Extension.appex */,
			);
			name = Products;
			sourceTree = "<group>";
		};
		0291B3E01FF58D5500D861AF /* HwWProject6 */ = {
			isa = PBXGroup;
			children = (
				0291B3E11FF58D5500D861AF /* AppDelegate.swift */,
				0291B3E31FF58D5500D861AF /* ViewController.swift */,
				0291B3E51FF58D5500D861AF /* Main.storyboard */,
				0291B3E81FF58D5500D861AF /* Assets.xcassets */,
				0291B3EA1FF58D5500D861AF /* LaunchScreen.storyboard */,
				0291B3ED1FF58D5500D861AF /* Info.plist */,
			);
			path = HwWProject6;
			sourceTree = "<group>";
		};
		0291B3F41FF58D5500D861AF /* HwWProject6 WatchKit App */ = {
			isa = PBXGroup;
			children = (
				0291B3F51FF58D5500D861AF /* Interface.storyboard */,
				0291B3F81FF58D5500D861AF /* Assets.xcassets */,
				0291B3FA1FF58D5500D861AF /* Info.plist */,
			);
			path = "HwWProject6 WatchKit App";
			sourceTree = "<group>";
		};
		0291B4031FF58D5500D861AF /* HwWProject6 WatchKit Extension */ = {
			isa = PBXGroup;
			children = (
				0291B4041FF58D5500D861AF /* InterfaceController.swift */,
				0291B4061FF58D5500D861AF /* ExtensionDelegate.swift */,
				0291B4081FF58D5500D861AF /* Assets.xcassets */,
				0291B40A1FF58D5500D861AF /* Info.plist */,
			);
			path = "HwWProject6 WatchKit Extension";
			sourceTree = "<group>";
		};
/* End PBXGroup section */

/* Begin PBXNativeTarget section */
		0291B3DD1FF58D5500D861AF /* HwWProject6 */ = {
			isa = PBXNativeTarget;
			buildConfigurationList = 0291B4151FF58D5500D861AF /* Build configuration list for PBXNativeTarget "HwWProject6" */;
			buildPhases = (
				0291B3DA1FF58D5500D861AF /* Sources */,
				0291B3DB1FF58D5500D861AF /* Frameworks */,
				0291B3DC1FF58D5500D861AF /* Resources */,
				0291B4141FF58D5500D861AF /* Embed Watch Content */,
			);
			buildRules = (
			);
			dependencies = (
				0291B3F31FF58D5500D861AF /* PBXTargetDependency */,
			);
			name = HwWProject6;
			productName = HwWProject6;
			productReference = 0291B3DE1FF58D5500D861AF /* HwWProject6.app */;
			productType = "com.apple.product-type.application";
		};
		0291B3EF1FF58D5500D861AF /* HwWProject6 WatchKit App */ = {
			isa = PBXNativeTarget;
			buildConfigurationList = 0291B4111FF58D5500D861AF /* Build configuration list for PBXNativeTarget "HwWProject6 WatchKit App" */;
			buildPhases = (
				0291B3EE1FF58D5500D861AF /* Resources */,
				0291B4101FF58D5500D861AF /* Embed App Extensions */,
			);
			buildRules = (
			);
			dependencies = (
				0291B4021FF58D5500D861AF /* PBXTargetDependency */,
			);
			name = "HwWProject6 WatchKit App";
			productName = "HwWProject6 WatchKit App";
			productReference = 0291B3F01FF58D5500D861AF /* HwWProject6 WatchKit App.app */;
			productType = "com.apple.product-type.application.watchapp2";
		};
		0291B3FE1FF58D5500D861AF /* HwWProject6 WatchKit Extension */ = {
			isa = PBXNativeTarget;
			buildConfigurationList = 0291B40D1FF58D5500D861AF /* Build configuration list for PBXNativeTarget "HwWProject6 WatchKit Extension" */;
			buildPhases = (
				0291B3FB1FF58D5500D861AF /* Sources */,
				0291B3FC1FF58D5500D861AF /* Frameworks */,
				0291B3FD1FF58D5500D861AF /* Resources */,
			);
			buildRules = (
			);
			dependencies = (
			);
			name = "HwWProject6 WatchKit Extension";
			productName = "HwWProject6 WatchKit Extension";
			productReference = 0291B3FF1FF58D5500D861AF /* HwWProject6 WatchKit Extension.appex */;
			productType = "com.apple.product-type.watchkit2-extension";
		};
/* End PBXNativeTarget section */

/* Begin PBXProject section */
		0291B3D61FF58D5400D861AF /* Project object */ = {
			isa = PBXProject;
			attributes = {
				LastSwiftUpdateCheck = 0920;
				LastUpgradeCheck = 0920;
				ORGANIZATIONNAME = "Skyler Svendsen";
				TargetAttributes = {
					0291B3DD1FF58D5500D861AF = {
						CreatedOnToolsVersion = 9.2;
						ProvisioningStyle = Automatic;
					};
					0291B3EF1FF58D5500D861AF = {
						CreatedOnToolsVersion = 9.2;
						ProvisioningStyle = Automatic;
					};
					0291B3FE1FF58D5500D861AF = {
						CreatedOnToolsVersion = 9.2;
						ProvisioningStyle = Automatic;
					};
				};
			};
			buildConfigurationList = 0291B3D91FF58D5400D861AF /* Build configuration list for PBXProject "HwWProject6" */;
			compatibilityVersion = "Xcode 8.0";
			developmentRegion = en;
			hasScannedForEncodings = 0;
			knownRegions = (
				en,
				Base,
			);
			mainGroup = 0291B3D51FF58D5400D861AF;
			productRefGroup = 0291B3DF1FF58D5500D861AF /* Products */;
			projectDirPath = "";
			projectRoot = "";
			targets = (
				0291B3DD1FF58D5500D861AF /* HwWProject6 */,
				0291B3EF1FF58D5500D861AF /* HwWProject6 WatchKit App */,
				0291B3FE1FF58D5500D861AF /* HwWProject6 WatchKit Extension */,
			);
		};
/* End PBXProject section */

/* Begin PBXResourcesBuildPhase section */
		0291B3DC1FF58D5500D861AF /* Resources */ = {
			isa = PBXResourcesBuildPhase;
			buildActionMask = 2147483647;
			files = (
				0291B3EC1FF58D5500D861AF /* LaunchScreen.storyboard in Resources */,
				0291B3E91FF58D5500D861AF /* Assets.xcassets in Resources */,
				0291B3E71FF58D5500D861AF /* Main.storyboard in Resources */,
			);
			runOnlyForDeploymentPostprocessing = 0;
		};
		0291B3EE1FF58D5500D861AF /* Resources */ = {
			isa = PBXResourcesBuildPhase;
			buildActionMask = 2147483647;
			files = (
				0291B3F91FF58D5500D861AF /* Assets.xcassets in Resources */,
				0291B3F71FF58D5500D861AF /* Interface.storyboard in Resources */,
			);
			runOnlyForDeploymentPostprocessing = 0;
		};
		0291B3FD1FF58D5500D861AF /* Resources */ = {
			isa = PBXResourcesBuildPhase;
			buildActionMask = 2147483647;
			files = (
				0291B4091FF58D5500D861AF /* Assets.xcassets in Resources */,
			);
			runOnlyForDeploymentPostprocessing = 0;
		};
/* End PBXResourcesBuildPhase section */

/* Begin PBXSourcesBuildPhase section */
		0291B3DA1FF58D5500D861AF /* Sources */ = {
			isa = PBXSourcesBuildPhase;
			buildActionMask = 2147483647;
			files = (
				0291B3E41FF58D5500D861AF /* ViewController.swift in Sources */,
				0291B3E21FF58D5500D861AF /* AppDelegate.swift in Sources */,
			);
			runOnlyForDeploymentPostprocessing = 0;
		};
		0291B3FB1FF58D5500D861AF /* Sources */ = {
			isa = PBXSourcesBuildPhase;
			buildActionMask = 2147483647;
			files = (
				0291B4071FF58D5500D861AF /* ExtensionDelegate.swift in Sources */,
				0291B4051FF58D5500D861AF /* InterfaceController.swift in Sources */,
			);
			runOnlyForDeploymentPostprocessing = 0;
		};
/* End PBXSourcesBuildPhase section */

/* Begin PBXTargetDependency section */
		0291B3F31FF58D5500D861AF /* PBXTargetDependency */ = {
			isa = PBXTargetDependency;
			target = 0291B3EF1FF58D5500D861AF /* HwWProject6 WatchKit App */;
			targetProxy = 0291B3F21FF58D5500D861AF /* PBXContainerItemProxy */;
		};
		0291B4021FF58D5500D861AF /* PBXTargetDependency */ = {
			isa = PBXTargetDependency;
			target = 0291B3FE1FF58D5500D861AF /* HwWProject6 WatchKit Extension */;
			targetProxy = 0291B4011FF58D5500D861AF /* PBXContainerItemProxy */;
		};
/* End PBXTargetDependency section */

/* Begin PBXVariantGroup section */
		0291B3E51FF58D5500D861AF /* Main.storyboard */ = {
			isa = PBXVariantGroup;
			children = (
				0291B3E61FF58D5500D861AF /* Base */,
			);
			name = Main.storyboard;
			sourceTree = "<group>";
		};
		0291B3EA1FF58D5500D861AF /* LaunchScreen.storyboard */ = {
			isa = PBXVariantGroup;
			children = (
				0291B3EB1FF58D5500D861AF /* Base */,
			);
			name = LaunchScreen.storyboard;
			sourceTree = "<group>";
		};
		0291B3F51FF58D5500D861AF /* Interface.storyboard */ = {
			isa = PBXVariantGroup;
			children = (
				0291B3F61FF58D5500D861AF /* Base */,
			);
			name = Interface.storyboard;
			sourceTree = "<group>";
		};
/* End PBXVariantGroup section */

/* Begin XCBuildConfiguration section */
		0291B40B1FF58D5500D861AF /* Debug */ = {
			isa = XCBuildConfiguration;
			buildSettings = {
				ALWAYS_SEARCH_USER_PATHS = NO;
				CLANG_ANALYZER_NONNULL = YES;
				CLANG_ANALYZER_NUMBER_OBJECT_CONVERSION = YES_AGGRESSIVE;
				CLANG_CXX_LANGUAGE_STANDARD = "gnu++14";
				CLANG_CXX_LIBRARY = "libc++";
				CLANG_ENABLE_MODULES = YES;
				CLANG_ENABLE_OBJC_ARC = YES;
				CLANG_WARN_BLOCK_CAPTURE_AUTORELEASING = YES;
				CLANG_WARN_BOOL_CONVERSION = YES;
				CLANG_WARN_COMMA = YES;
				CLANG_WARN_CONSTANT_CONVERSION = YES;
				CLANG_WARN_DIRECT_OBJC_ISA_USAGE = YES_ERROR;
				CLANG_WARN_DOCUMENTATION_COMMENTS = YES;
				CLANG_WARN_EMPTY_BODY = YES;
				CLANG_WARN_ENUM_CONVERSION = YES;
				CLANG_WARN_INFINITE_RECURSION = YES;
				CLANG_WARN_INT_CONVERSION = YES;
				CLANG_WARN_NON_LITERAL_NULL_CONVERSION = YES;
				CLANG_WARN_OBJC_LITERAL_CONVERSION = YES;
				CLANG_WARN_OBJC_ROOT_CLASS = YES_ERROR;
				CLANG_WARN_RANGE_LOOP_ANALYSIS = YES;
				CLANG_WARN_STRICT_PROTOTYPES = YES;
				CLANG_WARN_SUSPICIOUS_MOVE = YES;
				CLANG_WARN_UNGUARDED_AVAILABILITY = YES_AGGRESSIVE;
				CLANG_WARN_UNREACHABLE_CODE = YES;
				CLANG_WARN__DUPLICATE_METHOD_MATCH = YES;
				CODE_SIGN_IDENTITY = "iPhone Developer";
				COPY_PHASE_STRIP = NO;
				DEBUG_INFORMATION_FORMAT = dwarf;
				ENABLE_STRICT_OBJC_MSGSEND = YES;
				ENABLE_TESTABILITY = YES;
				GCC_C_LANGUAGE_STANDARD = gnu11;
				GCC_DYNAMIC_NO_PIC = NO;
				GCC_NO_COMMON_BLOCKS = YES;
				GCC_OPTIMIZATION_LEVEL = 0;
				GCC_PREPROCESSOR_DEFINITIONS = (
					"DEBUG=1",
					"$(inherited)",
				);
				GCC_WARN_64_TO_32_BIT_CONVERSION = YES;
				GCC_WARN_ABOUT_RETURN_TYPE = YES_ERROR;
				GCC_WARN_UNDECLARED_SELECTOR = YES;
				GCC_WARN_UNINITIALIZED_AUTOS = YES_AGGRESSIVE;
				GCC_WARN_UNUSED_FUNCTION = YES;
				GCC_WARN_UNUSED_VARIABLE = YES;
				IPHONEOS_DEPLOYMENT_TARGET = 11.2;
				MTL_ENABLE_DEBUG_INFO = YES;
				ONLY_ACTIVE_ARCH = YES;
				SDKROOT = iphoneos;
				SWIFT_ACTIVE_COMPILATION_CONDITIONS = DEBUG;
				SWIFT_OPTIMIZATION_LEVEL = "-Onone";
			};
			name = Debug;
		};
		0291B40C1FF58D5500D861AF /* Release */ = {
			isa = XCBuildConfiguration;
			buildSettings = {
				ALWAYS_SEARCH_USER_PATHS = NO;
				CLANG_ANALYZER_NONNULL = YES;
				CLANG_ANALYZER_NUMBER_OBJECT_CONVERSION = YES_AGGRESSIVE;
				CLANG_CXX_LANGUAGE_STANDARD = "gnu++14";
				CLANG_CXX_LIBRARY = "libc++";
				CLANG_ENABLE_MODULES = YES;
				CLANG_ENABLE_OBJC_ARC = YES;
				CLANG_WARN_BLOCK_CAPTURE_AUTORELEASING = YES;
				CLANG_WARN_BOOL_CONVERSION = YES;
				CLANG_WARN_COMMA = YES;
				CLANG_WARN_CONSTANT_CONVERSION = YES;
				CLANG_WARN_DIRECT_OBJC_ISA_USAGE = YES_ERROR;
				CLANG_WARN_DOCUMENTATION_COMMENTS = YES;
				CLANG_WARN_EMPTY_BODY = YES;
				CLANG_WARN_ENUM_CONVERSION = YES;
				CLANG_WARN_INFINITE_RECURSION = YES;
				CLANG_WARN_INT_CONVERSION = YES;
				CLANG_WARN_NON_LITERAL_NULL_CONVERSION = YES;
				CLANG_WARN_OBJC_LITERAL_CONVERSION = YES;
				CLANG_WARN_OBJC_ROOT_CLASS = YES_ERROR;
				CLANG_WARN_RANGE_LOOP_ANALYSIS = YES;
				CLANG_WARN_STRICT_PROTOTYPES = YES;
				CLANG_WARN_SUSPICIOUS_MOVE = YES;
				CLANG_WARN_UNGUARDED_AVAILABILITY = YES_AGGRESSIVE;
				CLANG_WARN_UNREACHABLE_CODE = YES;
				CLANG_WARN__DUPLICATE_METHOD_MATCH = YES;
				CODE_SIGN_IDENTITY = "iPhone Developer";
				COPY_PHASE_STRIP = NO;
				DEBUG_INFORMATION_FORMAT = "dwarf-with-dsym";
				ENABLE_NS_ASSERTIONS = NO;
				ENABLE_STRICT_OBJC_MSGSEND = YES;
				GCC_C_LANGUAGE_STANDARD = gnu11;
				GCC_NO_COMMON_BLOCKS = YES;
				GCC_WARN_64_TO_32_BIT_CONVERSION = YES;
				GCC_WARN_ABOUT_RETURN_TYPE = YES_ERROR;
				GCC_WARN_UNDECLARED_SELECTOR = YES;
				GCC_WARN_UNINITIALIZED_AUTOS = YES_AGGRESSIVE;
				GCC_WARN_UNUSED_FUNCTION = YES;
				GCC_WARN_UNUSED_VARIABLE = YES;
				IPHONEOS_DEPLOYMENT_TARGET = 11.2;
				MTL_ENABLE_DEBUG_INFO = NO;
				SDKROOT = iphoneos;
				SWIFT_OPTIMIZATION_LEVEL = "-Owholemodule";
				VALIDATE_PRODUCT = YES;
			};
			name = Release;
		};
		0291B40E1FF58D5500D861AF /* Debug */ = {
			isa = XCBuildConfiguration;
			buildSettings = {
				ASSETCATALOG_COMPILER_COMPLICATION_NAME = Complication;
				CODE_SIGN_STYLE = Automatic;
				DEVELOPMENT_TEAM = XF4U8W5J97;
				INFOPLIST_FILE = "HwWProject6 WatchKit Extension/Info.plist";
				LD_RUNPATH_SEARCH_PATHS = "$(inherited) @executable_path/Frameworks @executable_path/../../Frameworks";
				PRODUCT_BUNDLE_IDENTIFIER = SkylerSvendsen.HwWProject6.watchkitapp.watchkitextension;
				PRODUCT_NAME = "${TARGET_NAME}";
				SDKROOT = watchos;
				SKIP_INSTALL = YES;
				SWIFT_VERSION = 4.0;
				TARGETED_DEVICE_FAMILY = 4;
				WATCHOS_DEPLOYMENT_TARGET = 4.2;
			};
			name = Debug;
		};
		0291B40F1FF58D5500D861AF /* Release */ = {
			isa = XCBuildConfiguration;
			buildSettings = {
				ASSETCATALOG_COMPILER_COMPLICATION_NAME = Complication;
				CODE_SIGN_STYLE = Automatic;
				DEVELOPMENT_TEAM = XF4U8W5J97;
				INFOPLIST_FILE = "HwWProject6 WatchKit Extension/Info.plist";
				LD_RUNPATH_SEARCH_PATHS = "$(inherited) @executable_path/Frameworks @executable_path/../../Frameworks";
				PRODUCT_BUNDLE_IDENTIFIER = SkylerSvendsen.HwWProject6.watchkitapp.watchkitextension;
				PRODUCT_NAME = "${TARGET_NAME}";
				SDKROOT = watchos;
				SKIP_INSTALL = YES;
				SWIFT_VERSION = 4.0;
				TARGETED_DEVICE_FAMILY = 4;
				WATCHOS_DEPLOYMENT_TARGET = 4.2;
			};
			name = Release;
		};
		0291B4121FF58D5500D861AF /* Debug */ = {
			isa = XCBuildConfiguration;
			buildSettings = {
				ALWAYS_EMBED_SWIFT_STANDARD_LIBRARIES = YES;
				ASSETCATALOG_COMPILER_APPICON_NAME = AppIcon;
				CODE_SIGN_STYLE = Automatic;
				DEVELOPMENT_TEAM = XF4U8W5J97;
				IBSC_MODULE = HwWProject6_WatchKit_Extension;
				INFOPLIST_FILE = "HwWProject6 WatchKit App/Info.plist";
				PRODUCT_BUNDLE_IDENTIFIER = SkylerSvendsen.HwWProject6.watchkitapp;
				PRODUCT_NAME = "$(TARGET_NAME)";
				SDKROOT = watchos;
				SKIP_INSTALL = YES;
				SWIFT_VERSION = 4.0;
				TARGETED_DEVICE_FAMILY = 4;
				WATCHOS_DEPLOYMENT_TARGET = 4.2;
			};
			name = Debug;
		};
		0291B4131FF58D5500D861AF /* Release */ = {
			isa = XCBuildConfiguration;
			buildSettings = {
				ALWAYS_EMBED_SWIFT_STANDARD_LIBRARIES = YES;
				ASSETCATALOG_COMPILER_APPICON_NAME = AppIcon;
				CODE_SIGN_STYLE = Automatic;
				DEVELOPMENT_TEAM = XF4U8W5J97;
				IBSC_MODULE = HwWProject6_WatchKit_Extension;
				INFOPLIST_FILE = "HwWProject6 WatchKit App/Info.plist";
				PRODUCT_BUNDLE_IDENTIFIER = SkylerSvendsen.HwWProject6.watchkitapp;
				PRODUCT_NAME = "$(TARGET_NAME)";
				SDKROOT = watchos;
				SKIP_INSTALL = YES;
				SWIFT_VERSION = 4.0;
				TARGETED_DEVICE_FAMILY = 4;
				WATCHOS_DEPLOYMENT_TARGET = 4.2;
			};
			name = Release;
		};
		0291B4161FF58D5500D861AF /* Debug */ = {
			isa = XCBuildConfiguration;
			buildSettings = {
				ASSETCATALOG_COMPILER_APPICON_NAME = AppIcon;
				CODE_SIGN_STYLE = Automatic;
				DEVELOPMENT_TEAM = XF4U8W5J97;
				INFOPLIST_FILE = HwWProject6/Info.plist;
				LD_RUNPATH_SEARCH_PATHS = "$(inherited) @executable_path/Frameworks";
				PRODUCT_BUNDLE_IDENTIFIER = SkylerSvendsen.HwWProject6;
				PRODUCT_NAME = "$(TARGET_NAME)";
				SWIFT_VERSION = 4.0;
				TARGETED_DEVICE_FAMILY = "1,2";
			};
			name = Debug;
		};
		0291B4171FF58D5500D861AF /* Release */ = {
			isa = XCBuildConfiguration;
			buildSettings = {
				ASSETCATALOG_COMPILER_APPICON_NAME = AppIcon;
				CODE_SIGN_STYLE = Automatic;
				DEVELOPMENT_TEAM = XF4U8W5J97;
				INFOPLIST_FILE = HwWProject6/Info.plist;
				LD_RUNPATH_SEARCH_PATHS = "$(inherited) @executable_path/Frameworks";
				PRODUCT_BUNDLE_IDENTIFIER = SkylerSvendsen.HwWProject6;
				PRODUCT_NAME = "$(TARGET_NAME)";
				SWIFT_VERSION = 4.0;
				TARGETED_DEVICE_FAMILY = "1,2";
			};
			name = Release;
		};
/* End XCBuildConfiguration section */

/* Begin XCConfigurationList section */
		0291B3D91FF58D5400D861AF /* Build configuration list for PBXProject "HwWProject6" */ = {
			isa = XCConfigurationList;
			buildConfigurations = (
				0291B40B1FF58D5500D861AF /* Debug */,
				0291B40C1FF58D5500D861AF /* Release */,
			);
			defaultConfigurationIsVisible = 0;
			defaultConfigurationName = Release;
		};
		0291B40D1FF58D5500D861AF /* Build configuration list for PBXNativeTarget "HwWProject6 WatchKit Extension" */ = {
			isa = XCConfigurationList;
			buildConfigurations = (
				0291B40E1FF58D5500D861AF /* Debug */,
				0291B40F1FF58D5500D861AF /* Release */,
			);
			defaultConfigurationIsVisible = 0;
			defaultConfigurationName = Release;
		};
		0291B4111FF58D5500D861AF /* Build configuration list for PBXNativeTarget "HwWProject6 WatchKit App" */ = {
			isa = XCConfigurationList;
			buildConfigurations = (
				0291B4121FF58D5500D861AF /* Debug */,
				0291B4131FF58D5500D861AF /* Release */,
			);
			defaultConfigurationIsVisible = 0;
			defaultConfigurationName = Release;
		};
		0291B4151FF58D5500D861AF /* Build configuration list for PBXNativeTarget "HwWProject6" */ = {
			isa = XCConfigurationList;
			buildConfigurations = (
				0291B4161FF58D5500D861AF /* Debug */,
				0291B4171FF58D5500D861AF /* Release */,
			);
			defaultConfigurationIsVisible = 0;
			defaultConfigurationName = Release;
		};
/* End XCConfigurationList section */
	};
	rootObject = 0291B3D61FF58D5400D861AF /* Project object */;
}
